// !$*UTF8*$!
{
	archiveVersion = 1;
	classes = {
	};
	objectVersion = 110;
	objects = {

/* Begin PBXBuildFile section */
		2BBF594B6FCF47CFA047D4E9 /* COPYING in Resources */ = {isa = PBXBuildFile; fileRef = 183EC4C6A65544078C11E41D /* COPYING */; };
		48AAE532E7C74A8D9F11B230 /* SnakeStickHelper in Embed Helper */ = {isa = PBXBuildFile; fileRef = A02E833272F241FE8090F5B7 /* SnakeStickHelper */; settings = {ATTRIBUTES = (CodeSignOnCopy, ); }; };
		F5F0918607014EA99ABC6717 /* pl.unstabler.aislop.SnakeStick.helper.plist in Embed LaunchDaemons */ = {isa = PBXBuildFile; fileRef = 56FF0BBCDE614922A4BFC78E /* pl.unstabler.aislop.SnakeStick.helper.plist */; };
		F679048B306D187F00FC371A /* SnakeStickCore in Frameworks */ = {isa = PBXBuildFile; productRef = F679048A306D187F00FC371A /* SnakeStickCore */; };
		F679048D306D188600FC371A /* SnakeStickCore in Frameworks */ = {isa = PBXBuildFile; productRef = F679048C306D188600FC371A /* SnakeStickCore */; };
/* End PBXBuildFile section */

/* Begin PBXContainerItemProxy section */
		314E8BB0C7D443678AD54E72 /* PBXContainerItemProxy */ = {
			isa = PBXContainerItemProxy;
			containerPortal = F6BD1799306C65C500CA4D17 /* Project object */;
			proxyType = 1;
			remoteGlobalIDString = 391EB0762BB44036839321D2;
			remoteInfo = SnakeStickHelper;
		};
		F6BD17AF306C65C600CA4D17 /* PBXContainerItemProxy */ = {
			isa = PBXContainerItemProxy;
			containerPortal = F6BD1799306C65C500CA4D17 /* Project object */;
			proxyType = 1;
			remoteGlobalIDString = F6BD17A0306C65C500CA4D17;
			remoteInfo = SnakeStick;
		};
		F6BD17B9306C65C600CA4D17 /* PBXContainerItemProxy */ = {
			isa = PBXContainerItemProxy;
			containerPortal = F6BD1799306C65C500CA4D17 /* Project object */;
			proxyType = 1;
			remoteGlobalIDString = F6BD17A0306C65C500CA4D17;
			remoteInfo = SnakeStick;
		};
/* End PBXContainerItemProxy section */

/* Begin PBXCopyFilesBuildPhase section */
		2F1DC70B6C9D4FE386881377 /* Embed Helper */ = {
			isa = PBXCopyFilesBuildPhase;
			dstPath = "";
			dstSubfolder = Executables;
			files = (
				48AAE532E7C74A8D9F11B230 /* SnakeStickHelper in Embed Helper */,
			);
			name = "Embed Helper";
		};
		7BE66AF8A2B648029DB23EC2 /* Embed LaunchDaemons */ = {
			isa = PBXCopyFilesBuildPhase;
			dstPath = Contents/Library/LaunchDaemons;
			dstSubfolder = Wrapper;
			files = (
				F5F0918607014EA99ABC6717 /* pl.unstabler.aislop.SnakeStick.helper.plist in Embed LaunchDaemons */,
			);
			name = "Embed LaunchDaemons";
		};
/* End PBXCopyFilesBuildPhase section */

/* Begin PBXFileReference section */
		183EC4C6A65544078C11E41D /* COPYING */ = {isa = PBXFileReference; lastKnownFileType = text; name = COPYING; path = ../COPYING; sourceTree = SOURCE_ROOT; };
		56FF0BBCDE614922A4BFC78E /* pl.unstabler.aislop.SnakeStick.helper.plist */ = {isa = PBXFileReference; lastKnownFileType = text.plist.xml; path = pl.unstabler.aislop.SnakeStick.helper.plist; sourceTree = "<group>"; };
		A02E833272F241FE8090F5B7 /* SnakeStickHelper */ = {isa = PBXFileReference; explicitFileType = "compiled.mach-o.executable"; includeInIndex = 0; path = SnakeStickHelper; sourceTree = BUILT_PRODUCTS_DIR; };
		F6BD17A1306C65C500CA4D17 /* SnakeStick.app */ = {isa = PBXFileReference; explicitFileType = wrapper.application; includeInIndex = 0; path = SnakeStick.app; sourceTree = BUILT_PRODUCTS_DIR; };
		F6BD17AE306C65C600CA4D17 /* SnakeStickTests.xctest */ = {isa = PBXFileReference; explicitFileType = wrapper.cfbundle; includeInIndex = 0; path = SnakeStickTests.xctest; sourceTree = BUILT_PRODUCTS_DIR; };
		F6BD17B8306C65C600CA4D17 /* SnakeStickUITests.xctest */ = {isa = PBXFileReference; explicitFileType = wrapper.cfbundle; includeInIndex = 0; path = SnakeStickUITests.xctest; sourceTree = BUILT_PRODUCTS_DIR; };
/* End PBXFileReference section */

/* Begin PBXFileSystemSynchronizedRootGroup section */
		9B704CD943354F55A912ED63 /* SnakeStickHelper */ = {
			isa = PBXFileSystemSynchronizedRootGroup;
			path = SnakeStickHelper;
			sourceTree = "<group>";
		};
		F6BD17A3306C65C500CA4D17 /* SnakeStick */ = {
			isa = PBXFileSystemSynchronizedRootGroup;
			path = SnakeStick;
			sourceTree = "<group>";
		};
		F6BD17B1306C65C600CA4D17 /* SnakeStickTests */ = {
			isa = PBXFileSystemSynchronizedRootGroup;
			path = SnakeStickTests;
			sourceTree = "<group>";
		};
		F6BD17BB306C65C600CA4D17 /* SnakeStickUITests */ = {
			isa = PBXFileSystemSynchronizedRootGroup;
			path = SnakeStickUITests;
			sourceTree = "<group>";
		};
/* End PBXFileSystemSynchronizedRootGroup section */

/* Begin PBXFrameworksBuildPhase section */
		F6BD179E306C65C500CA4D17 /* Frameworks */ = {
			isa = PBXFrameworksBuildPhase;
			files = (
				F679048B306D187F00FC371A /* SnakeStickCore in Frameworks */,
			);
		};
		F6BD17AB306C65C600CA4D17 /* Frameworks */ = {
			isa = PBXFrameworksBuildPhase;
			files = (
			);
		};
		F6BD17B5306C65C600CA4D17 /* Frameworks */ = {
			isa = PBXFrameworksBuildPhase;
			files = (
			);
		};
		FD6317A28EB040A48BB0E4C9 /* Frameworks */ = {
			isa = PBXFrameworksBuildPhase;
			files = (
				F679048D306D188600FC371A /* SnakeStickCore in Frameworks */,
			);
		};
/* End PBXFrameworksBuildPhase section */

/* Begin PBXGroup section */
		2BE4BD463A8E4988840E841F /* LaunchDaemons */ = {
			isa = PBXGroup;
			children = (
				56FF0BBCDE614922A4BFC78E /* pl.unstabler.aislop.SnakeStick.helper.plist */,
			);
			path = LaunchDaemons;
			sourceTree = "<group>";
		};
		F6790489306D187900FC371A /* Frameworks */ = {
			isa = PBXGroup;
			children = (
			);
			name = Frameworks;
			sourceTree = "<group>";
		};
		F6BD1798306C65C500CA4D17 = {
			isa = PBXGroup;
			children = (
				F6BD17A3306C65C500CA4D17 /* SnakeStick */,
				9B704CD943354F55A912ED63 /* SnakeStickHelper */,
				2BE4BD463A8E4988840E841F /* LaunchDaemons */,
				183EC4C6A65544078C11E41D /* COPYING */,
				F6BD17B1306C65C600CA4D17 /* SnakeStickTests */,
				F6BD17BB306C65C600CA4D17 /* SnakeStickUITests */,
				F6790489306D187900FC371A /* Frameworks */,
				F6BD17A2306C65C500CA4D17 /* Products */,
			);
			sourceTree = "<group>";
		};
		F6BD17A2306C65C500CA4D17 /* Products */ = {
			isa = PBXGroup;
			children = (
				F6BD17A1306C65C500CA4D17 /* SnakeStick.app */,
				A02E833272F241FE8090F5B7 /* SnakeStickHelper */,
				F6BD17AE306C65C600CA4D17 /* SnakeStickTests.xctest */,
				F6BD17B8306C65C600CA4D17 /* SnakeStickUITests.xctest */,
			);
			name = Products;
			sourceTree = "<group>";
		};
/* End PBXGroup section */

/* Begin PBXNativeTarget section */
		391EB0762BB44036839321D2 /* SnakeStickHelper */ = {
			isa = PBXNativeTarget;
			buildConfigurationList = AF64FDB483CE44AD8A89FECE /* Build configuration list for PBXNativeTarget "SnakeStickHelper" */;
			buildPhases = (
				A8AED3F0862045AFBF8E76CC /* Sources */,
				FD6317A28EB040A48BB0E4C9 /* Frameworks */,
			);
			buildRules = (
			);
			fileSystemSynchronizedGroups = (
				9B704CD943354F55A912ED63 /* SnakeStickHelper */,
			);
			name = SnakeStickHelper;
			packageProductDependencies = (
				F679048C306D188600FC371A /* SnakeStickCore */,
			);
			productName = SnakeStickHelper;
			productReference = A02E833272F241FE8090F5B7 /* SnakeStickHelper */;
			productType = "com.apple.product-type.tool";
		};
		F6BD17A0306C65C500CA4D17 /* SnakeStick */ = {
			isa = PBXNativeTarget;
			buildConfigurationList = F6BD17C0306C65C600CA4D17 /* Build configuration list for PBXNativeTarget "SnakeStick" */;
			buildPhases = (
				F6BD179D306C65C500CA4D17 /* Sources */,
				F6BD179E306C65C500CA4D17 /* Frameworks */,
				F6BD179F306C65C500CA4D17 /* Resources */,
				2F1DC70B6C9D4FE386881377 /* Embed Helper */,
				7BE66AF8A2B648029DB23EC2 /* Embed LaunchDaemons */,
			);
			buildRules = (
			);
			dependencies = (
				AF17336EDE5D4C2FA03DBCFF /* PBXTargetDependency */,
			);
			fileSystemSynchronizedGroups = (
				F6BD17A3306C65C500CA4D17 /* SnakeStick */,
			);
			name = SnakeStick;
			packageProductDependencies = (
				F679048A306D187F00FC371A /* SnakeStickCore */,
			);
			productName = SnakeStick;
			productReference = F6BD17A1306C65C500CA4D17 /* SnakeStick.app */;
			productType = "com.apple.product-type.application";
		};
		F6BD17AD306C65C600CA4D17 /* SnakeStickTests */ = {
			isa = PBXNativeTarget;
			buildConfigurationList = F6BD17C3306C65C600CA4D17 /* Build configuration list for PBXNativeTarget "SnakeStickTests" */;
			buildPhases = (
				F6BD17AA306C65C600CA4D17 /* Sources */,
				F6BD17AB306C65C600CA4D17 /* Frameworks */,
				F6BD17AC306C65C600CA4D17 /* Resources */,
			);
			buildRules = (
			);
			dependencies = (
				F6BD17B0306C65C600CA4D17 /* PBXTargetDependency */,
			);
			fileSystemSynchronizedGroups = (
				F6BD17B1306C65C600CA4D17 /* SnakeStickTests */,
			);
			name = SnakeStickTests;
			productName = SnakeStickTests;
			productReference = F6BD17AE306C65C600CA4D17 /* SnakeStickTests.xctest */;
			productType = "com.apple.product-type.bundle.unit-test";
		};
		F6BD17B7306C65C600CA4D17 /* SnakeStickUITests */ = {
			isa = PBXNativeTarget;
			buildConfigurationList = F6BD17C6306C65C600CA4D17 /* Build configuration list for PBXNativeTarget "SnakeStickUITests" */;
			buildPhases = (
				F6BD17B4306C65C600CA4D17 /* Sources */,
				F6BD17B5306C65C600CA4D17 /* Frameworks */,
				F6BD17B6306C65C600CA4D17 /* Resources */,
			);
			buildRules = (
			);
			dependencies = (
				F6BD17BA306C65C600CA4D17 /* PBXTargetDependency */,
			);
			fileSystemSynchronizedGroups = (
				F6BD17BB306C65C600CA4D17 /* SnakeStickUITests */,
			);
			name = SnakeStickUITests;
			productName = SnakeStickUITests;
			productReference = F6BD17B8306C65C600CA4D17 /* SnakeStickUITests.xctest */;
			productType = "com.apple.product-type.bundle.ui-testing";
		};
/* End PBXNativeTarget section */

/* Begin PBXProject section */
		F6BD1799306C65C500CA4D17 /* Project object */ = {
			isa = PBXProject;
			attributes = {
				BuildIndependentTargetsInParallel = 1;
				LastSwiftUpdateCheck = 2700;
				LastUpgradeCheck = 2700;
				TargetAttributes = {
					391EB0762BB44036839321D2 = {
						CreatedOnToolsVersion = 27.0;
					};
					F6BD17A0306C65C500CA4D17 = {
						CreatedOnToolsVersion = 27.0;
					};
					F6BD17AD306C65C600CA4D17 = {
						CreatedOnToolsVersion = 27.0;
						TestTargetID = F6BD17A0306C65C500CA4D17;
					};
					F6BD17B7306C65C600CA4D17 = {
						CreatedOnToolsVersion = 27.0;
						TestTargetID = F6BD17A0306C65C500CA4D17;
					};
				};
			};
			buildConfigurationList = F6BD179C306C65C500CA4D17 /* Build configuration list for PBXProject "SnakeStick" */;
			developmentRegion = en;
			hasScannedForEncodings = 0;
			knownRegions = (
				en,
				Base,
				ko,
				ja,
				"zh-Hans",
				"zh-Hant",
				de,
				fr,
			);
			mainGroup = F6BD1798306C65C500CA4D17;
			minimizedProjectReferenceProxies = 1;
			packageReferences = (
			);
			preferredProjectObjectVersion = 77;
			productRefGroup = F6BD17A2306C65C500CA4D17 /* Products */;
			projectDirPath = "";
			projectRoot = "";
			targets = (
				F6BD17A0306C65C500CA4D17 /* SnakeStick */,
				391EB0762BB44036839321D2 /* SnakeStickHelper */,
				F6BD17AD306C65C600CA4D17 /* SnakeStickTests */,
				F6BD17B7306C65C600CA4D17 /* SnakeStickUITests */,
			);
		};
/* End PBXProject section */

/* Begin PBXResourcesBuildPhase section */
		F6BD179F306C65C500CA4D17 /* Resources */ = {
			isa = PBXResourcesBuildPhase;
			files = (
				2BBF594B6FCF47CFA047D4E9 /* COPYING in Resources */,
			);
		};
		F6BD17AC306C65C600CA4D17 /* Resources */ = {
			isa = PBXResourcesBuildPhase;
			files = (
			);
		};
		F6BD17B6306C65C600CA4D17 /* Resources */ = {
			isa = PBXResourcesBuildPhase;
			files = (
			);
		};
/* End PBXResourcesBuildPhase section */

/* Begin PBXSourcesBuildPhase section */
		A8AED3F0862045AFBF8E76CC /* Sources */ = {
			isa = PBXSourcesBuildPhase;
			files = (
			);
		};
		F6BD179D306C65C500CA4D17 /* Sources */ = {
			isa = PBXSourcesBuildPhase;
			files = (
			);
		};
		F6BD17AA306C65C600CA4D17 /* Sources */ = {
			isa = PBXSourcesBuildPhase;
			files = (
			);
		};
		F6BD17B4306C65C600CA4D17 /* Sources */ = {
			isa = PBXSourcesBuildPhase;
			files = (
			);
		};
/* End PBXSourcesBuildPhase section */

/* Begin PBXTargetDependency section */
		AF17336EDE5D4C2FA03DBCFF /* PBXTargetDependency */ = {
			isa = PBXTargetDependency;
			target = 391EB0762BB44036839321D2 /* SnakeStickHelper */;
			targetProxy = 314E8BB0C7D443678AD54E72 /* PBXContainerItemProxy */;
		};
		F6BD17B0306C65C600CA4D17 /* PBXTargetDependency */ = {
			isa = PBXTargetDependency;
			target = F6BD17A0306C65C500CA4D17 /* SnakeStick */;
			targetProxy = F6BD17AF306C65C600CA4D17 /* PBXContainerItemProxy */;
		};
		F6BD17BA306C65C600CA4D17 /* PBXTargetDependency */ = {
			isa = PBXTargetDependency;
			target = F6BD17A0306C65C500CA4D17 /* SnakeStick */;
			targetProxy = F6BD17B9306C65C600CA4D17 /* PBXContainerItemProxy */;
		};
/* End PBXTargetDependency section */

/* Begin XCBuildConfiguration section */
		43233E598F8E40B6B666D472 /* Release configuration for PBXNativeTarget "SnakeStickHelper" */ = {
			isa = XCBuildConfiguration;
			buildSettings = {
				"CODE_SIGN_IDENTITY[sdk=macosx*]" = "Apple Development";
				CODE_SIGN_STYLE = Automatic;
				CREATE_INFOPLIST_SECTION_IN_BINARY = YES;
				CURRENT_PROJECT_VERSION = 1;
				DEVELOPMENT_TEAM = XHA76UVA95;
				ENABLE_HARDENED_RUNTIME = YES;
				GENERATE_INFOPLIST_FILE = YES;
				MARKETING_VERSION = 1.0;
				PRODUCT_BUNDLE_IDENTIFIER = pl.unstabler.aislop.SnakeStick.helper;
				PRODUCT_NAME = "$(TARGET_NAME)";
				SKIP_INSTALL = YES;
				SWIFT_APPROACHABLE_CONCURRENCY = YES;
				SWIFT_UPCOMING_FEATURE_MEMBER_IMPORT_VISIBILITY = YES;
				SWIFT_VERSION = 6.0;
			};
			name = Release;
		};
		6681A564742748949BF6CBD3 /* Debug configuration for PBXNativeTarget "SnakeStickHelper" */ = {
			isa = XCBuildConfiguration;
			buildSettings = {
				"CODE_SIGN_IDENTITY[sdk=macosx*]" = "Apple Development";
				CODE_SIGN_STYLE = Automatic;
				CREATE_INFOPLIST_SECTION_IN_BINARY = YES;
				CURRENT_PROJECT_VERSION = 1;
				DEVELOPMENT_TEAM = XHA76UVA95;
				ENABLE_HARDENED_RUNTIME = YES;
				GENERATE_INFOPLIST_FILE = YES;
				MARKETING_VERSION = 1.0;
				PRODUCT_BUNDLE_IDENTIFIER = pl.unstabler.aislop.SnakeStick.helper;
				PRODUCT_NAME = "$(TARGET_NAME)";
				SKIP_INSTALL = YES;
				SWIFT_APPROACHABLE_CONCURRENCY = YES;
				SWIFT_UPCOMING_FEATURE_MEMBER_IMPORT_VISIBILITY = YES;
				SWIFT_VERSION = 6.0;
			};
			name = Debug;
		};
		F6BD17BE306C65C600CA4D17 /* Debug configuration for PBXProject "SnakeStick" */ = {
			isa = XCBuildConfiguration;
			buildSettings = {
				ALWAYS_SEARCH_USER_PATHS = NO;
				ASSETCATALOG_COMPILER_GENERATE_SWIFT_ASSET_SYMBOL_EXTENSIONS = YES;
				CLANG_ANALYZER_NONNULL = YES;
				CLANG_ANALYZER_NUMBER_OBJECT_CONVERSION = YES_AGGRESSIVE;
				CLANG_CXX_LANGUAGE_STANDARD = "gnu++20";
				CLANG_ENABLE_MODULES = YES;
				CLANG_ENABLE_OBJC_ARC = YES;
				CLANG_ENABLE_OBJC_WEAK = YES;
				CLANG_WARN_BLOCK_CAPTURE_AUTORELEASING = YES;
				CLANG_WARN_BOOL_CONVERSION = YES;
				CLANG_WARN_COMMA = YES;
				CLANG_WARN_CONSTANT_CONVERSION = YES;
				CLANG_WARN_DEPRECATED_OBJC_IMPLEMENTATIONS = YES;
				CLANG_WARN_DIRECT_OBJC_ISA_USAGE = YES_ERROR;
				CLANG_WARN_DOCUMENTATION_COMMENTS = YES;
				CLANG_WARN_EMPTY_BODY = YES;
				CLANG_WARN_ENUM_CONVERSION = YES;
				CLANG_WARN_INFINITE_RECURSION = YES;
				CLANG_WARN_INT_CONVERSION = YES;
				CLANG_WARN_NON_LITERAL_NULL_CONVERSION = YES;
				CLANG_WARN_OBJC_IMPLICIT_RETAIN_SELF = YES;
				CLANG_WARN_OBJC_LITERAL_CONVERSION = YES;
				CLANG_WARN_OBJC_ROOT_CLASS = YES_ERROR;
				CLANG_WARN_QUOTED_INCLUDE_IN_FRAMEWORK_HEADER = YES;
				CLANG_WARN_RANGE_LOOP_ANALYSIS = YES;
				CLANG_WARN_STRICT_PROTOTYPES = YES;
				CLANG_WARN_SUSPICIOUS_MOVE = YES;
				CLANG_WARN_UNGUARDED_AVAILABILITY = YES_AGGRESSIVE;
				CLANG_WARN_UNREACHABLE_CODE = YES;
				CLANG_WARN__DUPLICATE_METHOD_MATCH = YES;
				COPY_PHASE_STRIP = NO;
				DEBUG_INFORMATION_FORMAT = dwarf;
				DEVELOPMENT_TEAM = XHA76UVA95;
				ENABLE_STRICT_OBJC_MSGSEND = YES;
				ENABLE_TESTABILITY = YES;
				ENABLE_USER_SCRIPT_SANDBOXING = YES;
				GCC_C_LANGUAGE_STANDARD = gnu17;
				GCC_DYNAMIC_NO_PIC = NO;
				GCC_NO_COMMON_BLOCKS = YES;
				GCC_OPTIMIZATION_LEVEL = 0;
				GCC_PREPROCESSOR_DEFINITIONS = (
					"DEBUG=1",
					"$(inherited)",
				);
				GCC_WARN_64_TO_32_BIT_CONVERSION = YES;
				GCC_WARN_ABOUT_RETURN_TYPE = YES_ERROR;
				GCC_WARN_UNDECLARED_SELECTOR = YES;
				GCC_WARN_UNINITIALIZED_AUTOS = YES_AGGRESSIVE;
				GCC_WARN_UNUSED_FUNCTION = YES;
				GCC_WARN_UNUSED_VARIABLE = YES;
				LOCALIZATION_PREFERS_STRING_CATALOGS = YES;
				MACOSX_DEPLOYMENT_TARGET = 26.6;
				MTL_ENABLE_DEBUG_INFO = INCLUDE_SOURCE;
				MTL_FAST_MATH = YES;
				ONLY_ACTIVE_ARCH = YES;
				SDKROOT = macosx;
				SWIFT_ACTIVE_COMPILATION_CONDITIONS = "DEBUG $(inherited)";
				SWIFT_OPTIMIZATION_LEVEL = "-Onone";
			};
			name = Debug;
		};
		F6BD17BF306C65C600CA4D17 /* Release configuration for PBXProject "SnakeStick" */ = {
			isa = XCBuildConfiguration;
			buildSettings = {
				ALWAYS_SEARCH_USER_PATHS = NO;
				ASSETCATALOG_COMPILER_GENERATE_SWIFT_ASSET_SYMBOL_EXTENSIONS = YES;
				CLANG_ANALYZER_NONNULL = YES;
				CLANG_ANALYZER_NUMBER_OBJECT_CONVERSION = YES_AGGRESSIVE;
				CLANG_CXX_LANGUAGE_STANDARD = "gnu++20";
				CLANG_ENABLE_MODULES = YES;
				CLANG_ENABLE_OBJC_ARC = YES;
				CLANG_ENABLE_OBJC_WEAK = YES;
				CLANG_WARN_BLOCK_CAPTURE_AUTORELEASING = YES;
				CLANG_WARN_BOOL_CONVERSION = YES;
				CLANG_WARN_COMMA = YES;
				CLANG_WARN_CONSTANT_CONVERSION = YES;
				CLANG_WARN_DEPRECATED_OBJC_IMPLEMENTATIONS = YES;
				CLANG_WARN_DIRECT_OBJC_ISA_USAGE = YES_ERROR;
				CLANG_WARN_DOCUMENTATION_COMMENTS = YES;
				CLANG_WARN_EMPTY_BODY = YES;
				CLANG_WARN_ENUM_CONVERSION = YES;
				CLANG_WARN_INFINITE_RECURSION = YES;
				CLANG_WARN_INT_CONVERSION = YES;
				CLANG_WARN_NON_LITERAL_NULL_CONVERSION = YES;
				CLANG_WARN_OBJC_IMPLICIT_RETAIN_SELF = YES;
				CLANG_WARN_OBJC_LITERAL_CONVERSION = YES;
				CLANG_WARN_OBJC_ROOT_CLASS = YES_ERROR;
				CLANG_WARN_QUOTED_INCLUDE_IN_FRAMEWORK_HEADER = YES;
				CLANG_WARN_RANGE_LOOP_ANALYSIS = YES;
				CLANG_WARN_STRICT_PROTOTYPES = YES;
				CLANG_WARN_SUSPICIOUS_MOVE = YES;
				CLANG_WARN_UNGUARDED_AVAILABILITY = YES_AGGRESSIVE;
				CLANG_WARN_UNREACHABLE_CODE = YES;
				CLANG_WARN__DUPLICATE_METHOD_MATCH = YES;
				COPY_PHASE_STRIP = NO;
				DEBUG_INFORMATION_FORMAT = "dwarf-with-dsym";
				DEVELOPMENT_TEAM = XHA76UVA95;
				ENABLE_NS_ASSERTIONS = NO;
				ENABLE_STRICT_OBJC_MSGSEND = YES;
				ENABLE_USER_SCRIPT_SANDBOXING = YES;
				GCC_C_LANGUAGE_STANDARD = gnu17;
				GCC_NO_COMMON_BLOCKS = YES;
				GCC_WARN_64_TO_32_BIT_CONVERSION = YES;
				GCC_WARN_ABOUT_RETURN_TYPE = YES_ERROR;
				GCC_WARN_UNDECLARED_SELECTOR = YES;
				GCC_WARN_UNINITIALIZED_AUTOS = YES_AGGRESSIVE;
				GCC_WARN_UNUSED_FUNCTION = YES;
				GCC_WARN_UNUSED_VARIABLE = YES;
				LOCALIZATION_PREFERS_STRING_CATALOGS = YES;
				MACOSX_DEPLOYMENT_TARGET = 26.6;
				MTL_ENABLE_DEBUG_INFO = NO;
				MTL_FAST_MATH = YES;
				SDKROOT = macosx;
				SWIFT_COMPILATION_MODE = wholemodule;
			};
			name = Release;
		};
		F6BD17C1306C65C600CA4D17 /* Debug configuration for PBXNativeTarget "SnakeStick" */ = {
			isa = XCBuildConfiguration;
			buildSettings = {
				ASSETCATALOG_COMPILER_APPICON_NAME = AppIcon;
				ASSETCATALOG_COMPILER_GLOBAL_ACCENT_COLOR_NAME = AccentColor;
				"CODE_SIGN_IDENTITY[sdk=macosx*]" = "Apple Development";
				CODE_SIGN_STYLE = Automatic;
				COMBINE_HIDPI_IMAGES = YES;
				CURRENT_PROJECT_VERSION = 1;
				DEVELOPMENT_TEAM = XHA76UVA95;
				ENABLE_APP_SANDBOX = NO;
				ENABLE_HARDENED_RUNTIME = YES;
				ENABLE_PREVIEWS = YES;
				GENERATE_INFOPLIST_FILE = YES;
				INFOPLIST_KEY_NSHumanReadableCopyright = "© 2026 team unstablers Inc.";
				LD_RUNPATH_SEARCH_PATHS = (
					"$(inherited)",
					"@executable_path/../Frameworks",
				);
				MARKETING_VERSION = 1.0;
				PRODUCT_BUNDLE_IDENTIFIER = pl.unstabler.aislop.SnakeStick;
				PRODUCT_NAME = "$(TARGET_NAME)";
				REGISTER_APP_GROUPS = YES;
				STRING_CATALOG_GENERATE_SYMBOLS = YES;
				SWIFT_APPROACHABLE_CONCURRENCY = YES;
				SWIFT_DEFAULT_ACTOR_ISOLATION = MainActor;
				SWIFT_EMIT_LOC_STRINGS = YES;
				SWIFT_UPCOMING_FEATURE_MEMBER_IMPORT_VISIBILITY = YES;
				SWIFT_VERSION = 6.0;
			};
			name = Debug;
		};
		F6BD17C2306C65C600CA4D17 /* Release configuration for PBXNativeTarget "SnakeStick" */ = {
			isa = XCBuildConfiguration;
			buildSettings = {
				ASSETCATALOG_COMPILER_APPICON_NAME = AppIcon;
				ASSETCATALOG_COMPILER_GLOBAL_ACCENT_COLOR_NAME = AccentColor;
				"CODE_SIGN_IDENTITY[sdk=macosx*]" = "Apple Development";
				CODE_SIGN_STYLE = Automatic;
				COMBINE_HIDPI_IMAGES = YES;
				CURRENT_PROJECT_VERSION = 1;
				DEVELOPMENT_TEAM = XHA76UVA95;
				ENABLE_APP_SANDBOX = NO;
				ENABLE_HARDENED_RUNTIME = YES;
				ENABLE_PREVIEWS = YES;
				GENERATE_INFOPLIST_FILE = YES;
				INFOPLIST_KEY_NSHumanReadableCopyright = "© 2026 team unstablers Inc.";
				LD_RUNPATH_SEARCH_PATHS = (
					"$(inherited)",
					"@executable_path/../Frameworks",
				);
				MARKETING_VERSION = 1.0;
				PRODUCT_BUNDLE_IDENTIFIER = pl.unstabler.aislop.SnakeStick;
				PRODUCT_NAME = "$(TARGET_NAME)";
				REGISTER_APP_GROUPS = YES;
				STRING_CATALOG_GENERATE_SYMBOLS = YES;
				SWIFT_APPROACHABLE_CONCURRENCY = YES;
				SWIFT_DEFAULT_ACTOR_ISOLATION = MainActor;
				SWIFT_EMIT_LOC_STRINGS = YES;
				SWIFT_UPCOMING_FEATURE_MEMBER_IMPORT_VISIBILITY = YES;
				SWIFT_VERSION = 6.0;
			};
			name = Release;
		};
		F6BD17C4306C65C600CA4D17 /* Debug configuration for PBXNativeTarget "SnakeStickTests" */ = {
			isa = XCBuildConfiguration;
			buildSettings = {
				BUNDLE_LOADER = "$(TEST_HOST)";
				CODE_SIGN_STYLE = Automatic;
				CURRENT_PROJECT_VERSION = 1;
				DEVELOPMENT_TEAM = XHA76UVA95;
				GENERATE_INFOPLIST_FILE = YES;
				MACOSX_DEPLOYMENT_TARGET = 26.6;
				MARKETING_VERSION = 1.0;
				PRODUCT_BUNDLE_IDENTIFIER = pl.unstabler.aislop.SnakeStickTests;
				PRODUCT_NAME = "$(TARGET_NAME)";
				STRING_CATALOG_GENERATE_SYMBOLS = NO;
				SWIFT_APPROACHABLE_CONCURRENCY = YES;
				SWIFT_EMIT_LOC_STRINGS = NO;
				SWIFT_UPCOMING_FEATURE_MEMBER_IMPORT_VISIBILITY = YES;
				SWIFT_VERSION = 5.0;
				TEST_HOST = "$(BUILT_PRODUCTS_DIR)/SnakeStick.app/$(BUNDLE_EXECUTABLE_FOLDER_PATH)/SnakeStick";
			};
			name = Debug;
		};
		F6BD17C5306C65C600CA4D17 /* Release configuration for PBXNativeTarget "SnakeStickTests" */ = {
			isa = XCBuildConfiguration;
			buildSettings = {
				BUNDLE_LOADER = "$(TEST_HOST)";
				CODE_SIGN_STYLE = Automatic;
				CURRENT_PROJECT_VERSION = 1;
				DEVELOPMENT_TEAM = XHA76UVA95;
				GENERATE_INFOPLIST_FILE = YES;
				MACOSX_DEPLOYMENT_TARGET = 26.6;
				MARKETING_VERSION = 1.0;
				PRODUCT_BUNDLE_IDENTIFIER = pl.unstabler.aislop.SnakeStickTests;
				PRODUCT_NAME = "$(TARGET_NAME)";
				STRING_CATALOG_GENERATE_SYMBOLS = NO;
				SWIFT_APPROACHABLE_CONCURRENCY = YES;
				SWIFT_EMIT_LOC_STRINGS = NO;
				SWIFT_UPCOMING_FEATURE_MEMBER_IMPORT_VISIBILITY = YES;
				SWIFT_VERSION = 5.0;
				TEST_HOST = "$(BUILT_PRODUCTS_DIR)/SnakeStick.app/$(BUNDLE_EXECUTABLE_FOLDER_PATH)/SnakeStick";
			};
			name = Release;
		};
		F6BD17C7306C65C600CA4D17 /* Debug configuration for PBXNativeTarget "SnakeStickUITests" */ = {
			isa = XCBuildConfiguration;
			buildSettings = {
				CODE_SIGN_STYLE = Automatic;
				CURRENT_PROJECT_VERSION = 1;
				DEVELOPMENT_TEAM = XHA76UVA95;
				GENERATE_INFOPLIST_FILE = YES;
				MARKETING_VERSION = 1.0;
				PRODUCT_BUNDLE_IDENTIFIER = pl.unstabler.aislop.SnakeStickUITests;
				PRODUCT_NAME = "$(TARGET_NAME)";
				STRING_CATALOG_GENERATE_SYMBOLS = NO;
				SWIFT_APPROACHABLE_CONCURRENCY = YES;
				SWIFT_EMIT_LOC_STRINGS = NO;
				SWIFT_UPCOMING_FEATURE_MEMBER_IMPORT_VISIBILITY = YES;
				SWIFT_VERSION = 5.0;
				TEST_TARGET_NAME = SnakeStick;
			};
			name = Debug;
		};
		F6BD17C8306C65C600CA4D17 /* Release configuration for PBXNativeTarget "SnakeStickUITests" */ = {
			isa = XCBuildConfiguration;
			buildSettings = {
				CODE_SIGN_STYLE = Automatic;
				CURRENT_PROJECT_VERSION = 1;
				DEVELOPMENT_TEAM = XHA76UVA95;
				GENERATE_INFOPLIST_FILE = YES;
				MARKETING_VERSION = 1.0;
				PRODUCT_BUNDLE_IDENTIFIER = pl.unstabler.aislop.SnakeStickUITests;
				PRODUCT_NAME = "$(TARGET_NAME)";
				STRING_CATALOG_GENERATE_SYMBOLS = NO;
				SWIFT_APPROACHABLE_CONCURRENCY = YES;
				SWIFT_EMIT_LOC_STRINGS = NO;
				SWIFT_UPCOMING_FEATURE_MEMBER_IMPORT_VISIBILITY = YES;
				SWIFT_VERSION = 5.0;
				TEST_TARGET_NAME = SnakeStick;
			};
			name = Release;
		};
/* End XCBuildConfiguration section */

/* Begin XCConfigurationList section */
		AF64FDB483CE44AD8A89FECE /* Build configuration list for PBXNativeTarget "SnakeStickHelper" */ = {
			isa = XCConfigurationList;
			buildConfigurations = (
				6681A564742748949BF6CBD3 /* Debug configuration for PBXNativeTarget "SnakeStickHelper" */,
				43233E598F8E40B6B666D472 /* Release configuration for PBXNativeTarget "SnakeStickHelper" */,
			);
			defaultConfigurationName = Release;
		};
		F6BD179C306C65C500CA4D17 /* Build configuration list for PBXProject "SnakeStick" */ = {
			isa = XCConfigurationList;
			buildConfigurations = (
				F6BD17BE306C65C600CA4D17 /* Debug configuration for PBXProject "SnakeStick" */,
				F6BD17BF306C65C600CA4D17 /* Release configuration for PBXProject "SnakeStick" */,
			);
			defaultConfigurationName = Release;
		};
		F6BD17C0306C65C600CA4D17 /* Build configuration list for PBXNativeTarget "SnakeStick" */ = {
			isa = XCConfigurationList;
			buildConfigurations = (
				F6BD17C1306C65C600CA4D17 /* Debug configuration for PBXNativeTarget "SnakeStick" */,
				F6BD17C2306C65C600CA4D17 /* Release configuration for PBXNativeTarget "SnakeStick" */,
			);
			defaultConfigurationName = Release;
		};
		F6BD17C3306C65C600CA4D17 /* Build configuration list for PBXNativeTarget "SnakeStickTests" */ = {
			isa = XCConfigurationList;
			buildConfigurations = (
				F6BD17C4306C65C600CA4D17 /* Debug configuration for PBXNativeTarget "SnakeStickTests" */,
				F6BD17C5306C65C600CA4D17 /* Release configuration for PBXNativeTarget "SnakeStickTests" */,
			);
			defaultConfigurationName = Release;
		};
		F6BD17C6306C65C600CA4D17 /* Build configuration list for PBXNativeTarget "SnakeStickUITests" */ = {
			isa = XCConfigurationList;
			buildConfigurations = (
				F6BD17C7306C65C600CA4D17 /* Debug configuration for PBXNativeTarget "SnakeStickUITests" */,
				F6BD17C8306C65C600CA4D17 /* Release configuration for PBXNativeTarget "SnakeStickUITests" */,
			);
			defaultConfigurationName = Release;
		};
/* End XCConfigurationList section */

/* Begin XCSwiftPackageProductDependency section */
		F679048A306D187F00FC371A /* SnakeStickCore */ = {
			isa = XCSwiftPackageProductDependency;
			productName = SnakeStickCore;
		};
		F679048C306D188600FC371A /* SnakeStickCore */ = {
			isa = XCSwiftPackageProductDependency;
			productName = SnakeStickCore;
		};
/* End XCSwiftPackageProductDependency section */
	};
	rootObject = F6BD1799306C65C500CA4D17 /* Project object */;
	validationLevel = 1;
}
